
Microsoft Visual Studio Solution File, Format Version 12.00
# Visual Studio Version 16
VisualStudioVersion = 16.0.31205.134
MinimumVisualStudioVersion = 10.0.40219.1
Project("{FAE04EC0-301F-11D3-BF4B-00C04F79EFBC}") = "Senai.Peoples.WebApi", "Senai.Peoples.WebApi\Senai.Peoples.WebApi.csproj", "{250FAAF7-59CF-442F-91A6-97572E78683D}"
EndProject
Global
	GlobalSection(SolutionConfigurationPlatforms) = preSolution
		Debug|Any CPU = Debug|Any CPU
		Release|Any CPU = Release|Any CPU
	EndGlobalSection
	GlobalSection(ProjectConfigurationPlatforms) = postSolution
		{250FAAF7-59CF-442F-91A6-97572E78683D}.Debug|Any CPU.ActiveCfg = Debug|Any CPU
		{250FAAF7-59CF-442F-91A6-97572E78683D}.Debug|Any CPU.Build.0 = Debug|Any CPU
		{250FAAF7-59CF-442F-91A6-97572E78683D}.Release|Any CPU.ActiveCfg = Release|Any CPU
		{250FAAF7-59CF-442F-91A6-97572E78683D}.Release|Any CPU.Build.0 = Release|Any CPU
	EndGlobalSection
	GlobalSection(SolutionProperties) = preSolution
		HideSolutionNode = FALSE
	EndGlobalSection
	GlobalSection(ExtensibilityGlobals) = postSolution
		SolutionGuid = {1DA4AA5F-E909-4AC5-928B-E06682ACB3C1}
	EndGlobalSection
EndGlobal
