
Microsoft Visual Studio Solution File, Format Version 12.00
# Visual Studio Version 16
VisualStudioVersion = 16.0.31205.134
MinimumVisualStudioVersion = 10.0.40219.1
Project("{FAE04EC0-301F-11D3-BF4B-00C04F79EFBC}") = "senai.hroads.webApi", "senai.hroads.webApi\senai.hroads.webApi.csproj", "{4A884883-C02E-47C1-85F6-73AAAE839ED4}"
EndProject
Global
	GlobalSection(SolutionConfigurationPlatforms) = preSolution
		Debug|Any CPU = Debug|Any CPU
		Release|Any CPU = Release|Any CPU
	EndGlobalSection
	GlobalSection(ProjectConfigurationPlatforms) = postSolution
		{4A884883-C02E-47C1-85F6-73AAAE839ED4}.Debug|Any CPU.ActiveCfg = Debug|Any CPU
		{4A884883-C02E-47C1-85F6-73AAAE839ED4}.Debug|Any CPU.Build.0 = Debug|Any CPU
		{4A884883-C02E-47C1-85F6-73AAAE839ED4}.Release|Any CPU.ActiveCfg = Release|Any CPU
		{4A884883-C02E-47C1-85F6-73AAAE839ED4}.Release|Any CPU.Build.0 = Release|Any CPU
	EndGlobalSection
	GlobalSection(SolutionProperties) = preSolution
		HideSolutionNode = FALSE
	EndGlobalSection
	GlobalSection(ExtensibilityGlobals) = postSolution
		SolutionGuid = {592A7D44-4578-4104-95A8-BB2EC47177A8}
	EndGlobalSection
EndGlobal
